
Microsoft Visual Studio Solution File, Format Version 12.00
# Visual Studio Version 16
VisualStudioVersion = 16.0.30104.148
MinimumVisualStudioVersion = 10.0.40219.1
Project("{FAE04EC0-301F-11D3-BF4B-00C04F79EFBC}") = "MyScriptureJournal", "MyScriptureJournal.csproj", "{4064B061-746F-40E9-A261-916F85B133FC}"
EndProject
Global
	GlobalSection(SolutionConfigurationPlatforms) = preSolution
		Debug|Any CPU = Debug|Any CPU
		Release|Any CPU = Release|Any CPU
	EndGlobalSection
	GlobalSection(ProjectConfigurationPlatforms) = postSolution
		{4064B061-746F-40E9-A261-916F85B133FC}.Debug|Any CPU.ActiveCfg = Debug|Any CPU
		{4064B061-746F-40E9-A261-916F85B133FC}.Debug|Any CPU.Build.0 = Debug|Any CPU
		{4064B061-746F-40E9-A261-916F85B133FC}.Release|Any CPU.ActiveCfg = Release|Any CPU
		{4064B061-746F-40E9-A261-916F85B133FC}.Release|Any CPU.Build.0 = Release|Any CPU
	EndGlobalSection
	GlobalSection(SolutionProperties) = preSolution
		HideSolutionNode = FALSE
	EndGlobalSection
	GlobalSection(ExtensibilityGlobals) = postSolution
		SolutionGuid = {E093A5C8-AF18-477E-B0A4-C4B13F632672}
	EndGlobalSection
EndGlobal
